
Microsoft Visual Studio Solution File, Format Version 12.00
# Visual Studio 14
VisualStudioVersion = 14.0.25420.1
MinimumVisualStudioVersion = 10.0.40219.1
Project("{2150E333-8FDC-42A3-9474-1A3956D46DE8}") = "src", "src", "{3A570D86-3EBA-468E-A94C-2B540C1A615F}"
EndProject
Project("{2150E333-8FDC-42A3-9474-1A3956D46DE8}") = "Solution Items", "Solution Items", "{9B77CFC8-1AC1-4C30-92DA-051F31F05EE9}"
	ProjectSection(SolutionItems) = preProject
		global.json = global.json
	EndProjectSection
EndProject
Project("{8BB2217D-0F2D-49D1-97BC-3654ED321F3B}") = "StackOverflowClone", "src\StackOverflowClone\StackOverflowClone.xproj", "{6873DB94-1489-4F87-B0D1-EF89D46087B7}"
EndProject
Global
	GlobalSection(SolutionConfigurationPlatforms) = preSolution
		Debug|Any CPU = Debug|Any CPU
		Release|Any CPU = Release|Any CPU
	EndGlobalSection
	GlobalSection(ProjectConfigurationPlatforms) = postSolution
		{6873DB94-1489-4F87-B0D1-EF89D46087B7}.Debug|Any CPU.ActiveCfg = Debug|Any CPU
		{6873DB94-1489-4F87-B0D1-EF89D46087B7}.Debug|Any CPU.Build.0 = Debug|Any CPU
		{6873DB94-1489-4F87-B0D1-EF89D46087B7}.Release|Any CPU.ActiveCfg = Release|Any CPU
		{6873DB94-1489-4F87-B0D1-EF89D46087B7}.Release|Any CPU.Build.0 = Release|Any CPU
	EndGlobalSection
	GlobalSection(SolutionProperties) = preSolution
		HideSolutionNode = FALSE
	EndGlobalSection
	GlobalSection(NestedProjects) = preSolution
		{6873DB94-1489-4F87-B0D1-EF89D46087B7} = {3A570D86-3EBA-468E-A94C-2B540C1A615F}
	EndGlobalSection
EndGlobal
